# This file is automatically @generated by Cargo.
# It is not intended for manual editing.
version = 3

[[package]]
name = "addr2line"
version = "0.21.0"
source = "registry+https://github.com/rust-lang/crates.io-index"
checksum = "8a30b2e23b9e17a9f90641c7ab1549cd9b44f296d3ccbf309d2863cfe398a0cb"
dependencies = [
 "gimli",
]

[[package]]
name = "adler"
version = "1.0.2"
source = "registry+https://github.com/rust-lang/crates.io-index"
checksum = "f26201604c87b1e01bd3d98f8d5d9a8fcbb815e8cedb41ffccbeb4bf593a35fe"

[[package]]
name = "adler32"
version = "1.2.0"
source = "registry+https://github.com/rust-lang/crates.io-index"
checksum = "aae1277d39aeec15cb388266ecc24b11c80469deae6067e17a1a7aa9e5c1f234"

[[package]]
name = "ahash"
version = "0.7.7"
source = "registry+https://github.com/rust-lang/crates.io-index"
checksum = "5a824f2aa7e75a0c98c5a504fceb80649e9c35265d44525b5f94de4771a395cd"
dependencies = [
 "getrandom",
 "once_cell",
 "version_check 0.9.4",
]

[[package]]
name = "antlr-rust"
version = "0.3.0-beta"
source = "registry+https://github.com/rust-lang/crates.io-index"
checksum = "cfc6ab5594c6b2b7aa8719f4ecb785a268b2e0c2529042046035d5cebe9fa7d7"
dependencies = [
 "better_any",
 "bit-set",
 "byteorder",
 "lazy_static",
 "murmur3",
 "once_cell",
 "parking_lot",
 "typed-arena",
 "uuid",
]

[[package]]
name = "autocfg"
version = "1.1.0"
source = "registry+https://github.com/rust-lang/crates.io-index"
checksum = "d468802bab17cbc0cc575e9b053f41e72aa36bfa6b7f55e3529ffa43161b97fa"

[[package]]
name = "backtrace"
version = "0.3.69"
source = "registry+https://github.com/rust-lang/crates.io-index"
checksum = "2089b7e3f35b9dd2d0ed921ead4f6d318c27680d4a5bd167b3ee120edb105837"
dependencies = [
 "addr2line",
 "cc",
 "cfg-if",
 "libc",
 "miniz_oxide",
 "object",
 "rustc-demangle",
]

[[package]]
name = "better_any"
version = "0.2.0"
source = "registry+https://github.com/rust-lang/crates.io-index"
checksum = "1795ebc740ea791ffbe6685e0688ab1effec16c2864e0476db40bfdf0c02cb3d"

[[package]]
name = "bit-set"
version = "0.5.3"
source = "registry+https://github.com/rust-lang/crates.io-index"
checksum = "0700ddab506f33b20a03b13996eccd309a48e5ff77d0d95926aa0210fb4e95f1"
dependencies = [
 "bit-vec",
]

[[package]]
name = "bit-vec"
version = "0.6.3"
source = "registry+https://github.com/rust-lang/crates.io-index"
checksum = "349f9b6a179ed607305526ca489b34ad0a41aed5f7980fa90eb03160b69598fb"

[[package]]
name = "bitflags"
version = "1.3.2"
source = "registry+https://github.com/rust-lang/crates.io-index"
checksum = "bef38d45163c2f1dde094a7dfd33ccf595c92905c8f8f4fdc18d06fb1037718a"

[[package]]
name = "bitmask-enum"
version = "2.2.3"
source = "registry+https://github.com/rust-lang/crates.io-index"
checksum = "9990737a6d5740ff51cdbbc0f0503015cb30c390f6623968281eb214a520cfc0"
dependencies = [
 "quote 1.0.33",
 "syn 2.0.39",
]

[[package]]
name = "buffered-reader"
version = "1.3.0"
source = "registry+https://github.com/rust-lang/crates.io-index"
checksum = "2b9b0a25eb06e83579bc985d836e1e3b957a7201301b48538764d2b2e78090d4"
dependencies = [
 "bzip2",
 "flate2",
 "lazy_static",
 "libc",
]

[[package]]
name = "byteorder"
version = "1.5.0"
source = "registry+https://github.com/rust-lang/crates.io-index"
checksum = "1fd0f2584146f6f2ef48085050886acf353beff7305ebd1ae69500e27c67f64b"

[[package]]
name = "bzip2"
version = "0.4.4"
source = "registry+https://github.com/rust-lang/crates.io-index"
checksum = "bdb116a6ef3f6c3698828873ad02c3014b3c85cadb88496095628e3ef1e347f8"
dependencies = [
 "bzip2-sys",
 "libc",
]

[[package]]
name = "bzip2-sys"
version = "0.1.11+1.0.8"
source = "registry+https://github.com/rust-lang/crates.io-index"
checksum = "736a955f3fa7875102d57c82b8cac37ec45224a07fd32d58f9f7a186b6cd4cdc"
dependencies = [
 "cc",
 "libc",
 "pkg-config",
]

[[package]]
name = "cc"
version = "1.0.84"
source = "registry+https://github.com/rust-lang/crates.io-index"
checksum = "0f8e7c90afad890484a21653d08b6e209ae34770fb5ee298f9c699fcc1e5c856"
dependencies = [
 "libc",
]

[[package]]
name = "cesu8"
version = "1.1.0"
source = "registry+https://github.com/rust-lang/crates.io-index"
checksum = "6d43a04d8753f35258c91f8ec639f792891f748a1edbd759cf1dcea3382ad83c"

[[package]]
name = "cfg-if"
version = "1.0.0"
source = "registry+https://github.com/rust-lang/crates.io-index"
checksum = "baf1de4339761588bc0619e3cbc0120ee582ebb74b53b4efbf79117bd2da40fd"

[[package]]
name = "crc32fast"
version = "1.3.2"
source = "registry+https://github.com/rust-lang/crates.io-index"
checksum = "b540bd8bc810d3885c6ea91e2018302f68baba2129ab3e88f32389ee9370880d"
dependencies = [
 "cfg-if",
]

[[package]]
name = "dalvik-vm-rust"
version = "0.1.0"
dependencies = [
 "adler",
 "antlr-rust",
 "bitmask-enum",
 "buffered-reader",
 "byteorder",
 "dex",
 "dexparser",
 "leb128",
 "mutf8 0.5.0",
]

[[package]]
name = "dex"
version = "0.5.0"
source = "registry+https://github.com/rust-lang/crates.io-index"
checksum = "98c9123d2f2d1d92fc5dee7ae4c8286bf893e0ba982a1a0ed2714812ce96039b"
dependencies = [
 "adler32",
 "bitflags",
 "cesu8",
 "getset",
 "log",
 "lru",
 "memmap",
 "num-derive",
 "num-traits",
 "scroll",
 "scroll_derive",
]

[[package]]
name = "dexparser"
version = "0.6.2"
source = "registry+https://github.com/rust-lang/crates.io-index"
checksum = "f96183d553d127627131914699fe049fc95dd06400449f7b9f56fed65f961ff5"
dependencies = [
 "byteorder",
 "failure",
 "leb128",
 "mutf8 0.2.0",
 "nom",
]

[[package]]
name = "failure"
version = "0.1.8"
source = "registry+https://github.com/rust-lang/crates.io-index"
checksum = "d32e9bd16cc02eae7db7ef620b392808b89f6a5e16bb3497d159c6b92a0f4f86"
dependencies = [
 "backtrace",
 "failure_derive",
]

[[package]]
name = "failure_derive"
version = "0.1.8"
source = "registry+https://github.com/rust-lang/crates.io-index"
checksum = "aa4da3c766cd7a0db8242e326e9e4e081edd567072893ed320008189715366a4"
dependencies = [
 "proc-macro2 1.0.69",
 "quote 1.0.33",
 "syn 1.0.109",
 "synstructure",
]

[[package]]
name = "flate2"
version = "1.0.28"
source = "registry+https://github.com/rust-lang/crates.io-index"
checksum = "46303f565772937ffe1d394a4fac6f411c6013172fadde9dcdb1e147a086940e"
dependencies = [
 "crc32fast",
 "miniz_oxide",
]

[[package]]
name = "getrandom"
version = "0.2.11"
source = "registry+https://github.com/rust-lang/crates.io-index"
checksum = "fe9006bed769170c11f845cf00c7c1e9092aeb3f268e007c3e760ac68008070f"
dependencies = [
 "cfg-if",
 "libc",
 "wasi",
]

[[package]]
name = "getset"
version = "0.0.9"
source = "registry+https://github.com/rust-lang/crates.io-index"
checksum = "5bb3f5b7d8d70c9bd23cf29b2b38094661418fb0ea79f1b0cc2019a11d6f5429"
dependencies = [
 "proc-macro2 1.0.69",
 "quote 1.0.33",
 "syn 1.0.109",
]

[[package]]
name = "gimli"
version = "0.28.0"
source = "registry+https://github.com/rust-lang/crates.io-index"
checksum = "6fb8d784f27acf97159b40fc4db5ecd8aa23b9ad5ef69cdd136d3bc80665f0c0"

[[package]]
name = "hashbrown"
version = "0.11.2"
source = "registry+https://github.com/rust-lang/crates.io-index"
checksum = "ab5ef0d4909ef3724cc8cce6ccc8572c5c817592e9285f5464f8e86f8bd3726e"
dependencies = [
 "ahash",
]

[[package]]
name = "instant"
version = "0.1.12"
source = "registry+https://github.com/rust-lang/crates.io-index"
checksum = "7a5bbe824c507c5da5956355e86a746d82e0e1464f65d862cc5e71da70e94b2c"
dependencies = [
 "cfg-if",
]

[[package]]
name = "lazy_static"
version = "1.4.0"
source = "registry+https://github.com/rust-lang/crates.io-index"
checksum = "e2abad23fbc42b3700f2f279844dc832adb2b2eb069b2df918f455c4e18cc646"

[[package]]
name = "leb128"
version = "0.2.5"
source = "registry+https://github.com/rust-lang/crates.io-index"
checksum = "884e2677b40cc8c339eaefcb701c32ef1fd2493d71118dc0ca4b6a736c93bd67"

[[package]]
name = "libc"
version = "0.2.150"
source = "registry+https://github.com/rust-lang/crates.io-index"
checksum = "89d92a4743f9a61002fae18374ed11e7973f530cb3a3255fb354818118b2203c"

[[package]]
name = "lock_api"
version = "0.4.11"
source = "registry+https://github.com/rust-lang/crates.io-index"
checksum = "3c168f8615b12bc01f9c17e2eb0cc07dcae1940121185446edc3744920e8ef45"
dependencies = [
 "autocfg",
 "scopeguard",
]

[[package]]
name = "log"
version = "0.4.20"
source = "registry+https://github.com/rust-lang/crates.io-index"
checksum = "b5e6163cb8c49088c2c36f57875e58ccd8c87c7427f7fbd50ea6710b2f3f2e8f"

[[package]]
name = "lru"
version = "0.6.6"
source = "registry+https://github.com/rust-lang/crates.io-index"
checksum = "7ea2d928b485416e8908cff2d97d621db22b27f7b3b6729e438bcf42c671ba91"
dependencies = [
 "hashbrown",
]

[[package]]
name = "memchr"
version = "2.6.4"
source = "registry+https://github.com/rust-lang/crates.io-index"
checksum = "f665ee40bc4a3c5590afb1e9677db74a508659dfd71e126420da8274909a0167"

[[package]]
name = "memmap"
version = "0.7.0"
source = "registry+https://github.com/rust-lang/crates.io-index"
checksum = "6585fd95e7bb50d6cc31e20d4cf9afb4e2ba16c5846fc76793f11218da9c475b"
dependencies = [
 "libc",
 "winapi",
]

[[package]]
name = "miniz_oxide"
version = "0.7.1"
source = "registry+https://github.com/rust-lang/crates.io-index"
checksum = "e7810e0be55b428ada41041c41f32c9f1a42817901b4ccf45fa3d4b6561e74c7"
dependencies = [
 "adler",
]

[[package]]
name = "murmur3"
version = "0.4.1"
source = "registry+https://github.com/rust-lang/crates.io-index"
checksum = "a198f9589efc03f544388dfc4a19fe8af4323662b62f598b8dcfdac62c14771c"
dependencies = [
 "byteorder",
]

[[package]]
name = "mutf8"
version = "0.2.0"
source = "registry+https://github.com/rust-lang/crates.io-index"
checksum = "97b444426a4c188e9ad33560853ebd52309ab72811f536a9e6f37907fd12cf45"

[[package]]
name = "mutf8"
version = "0.5.0"
source = "registry+https://github.com/rust-lang/crates.io-index"
checksum = "45441cbf2f79a8974091e9e78cf9d0fd19fb15641e7969dfcc42d18eb855f5f3"

[[package]]
name = "nom"
version = "4.2.3"
source = "registry+https://github.com/rust-lang/crates.io-index"
checksum = "2ad2a91a8e869eeb30b9cb3119ae87773a8f4ae617f41b1eb9c154b2905f7bd6"
dependencies = [
 "memchr",
 "version_check 0.1.5",
]

[[package]]
name = "num-derive"
version = "0.2.5"
source = "registry+https://github.com/rust-lang/crates.io-index"
checksum = "eafd0b45c5537c3ba526f79d3e75120036502bebacbb3f3220914067ce39dbf2"
dependencies = [
 "proc-macro2 0.4.30",
 "quote 0.6.13",
 "syn 0.15.44",
]

[[package]]
name = "num-traits"
version = "0.2.17"
source = "registry+https://github.com/rust-lang/crates.io-index"
checksum = "39e3200413f237f41ab11ad6d161bc7239c84dcb631773ccd7de3dfe4b5c267c"
dependencies = [
 "autocfg",
]

[[package]]
name = "object"
version = "0.32.1"
source = "registry+https://github.com/rust-lang/crates.io-index"
checksum = "9cf5f9dd3933bd50a9e1f149ec995f39ae2c496d31fd772c1fd45ebc27e902b0"
dependencies = [
 "memchr",
]

[[package]]
name = "once_cell"
version = "1.18.0"
source = "registry+https://github.com/rust-lang/crates.io-index"
checksum = "dd8b5dd2ae5ed71462c540258bedcb51965123ad7e7ccf4b9a8cafaa4a63576d"

[[package]]
name = "parking_lot"
version = "0.11.2"
source = "registry+https://github.com/rust-lang/crates.io-index"
checksum = "7d17b78036a60663b797adeaee46f5c9dfebb86948d1255007a1d6be0271ff99"
dependencies = [
 "instant",
 "lock_api",
 "parking_lot_core",
]

[[package]]
name = "parking_lot_core"
version = "0.8.6"
source = "registry+https://github.com/rust-lang/crates.io-index"
checksum = "60a2cfe6f0ad2bfc16aefa463b497d5c7a5ecd44a23efa72aa342d90177356dc"
dependencies = [
 "cfg-if",
 "instant",
 "libc",
 "redox_syscall",
 "smallvec",
 "winapi",
]

[[package]]
name = "pkg-config"
version = "0.3.27"
source = "registry+https://github.com/rust-lang/crates.io-index"
checksum = "26072860ba924cbfa98ea39c8c19b4dd6a4a25423dbdf219c1eca91aa0cf6964"

[[package]]
name = "proc-macro2"
version = "0.4.30"
source = "registry+https://github.com/rust-lang/crates.io-index"
checksum = "cf3d2011ab5c909338f7887f4fc896d35932e29146c12c8d01da6b22a80ba759"
dependencies = [
 "unicode-xid 0.1.0",
]

[[package]]
name = "proc-macro2"
version = "1.0.69"
source = "registry+https://github.com/rust-lang/crates.io-index"
checksum = "134c189feb4956b20f6f547d2cf727d4c0fe06722b20a0eec87ed445a97f92da"
dependencies = [
 "unicode-ident",
]

[[package]]
name = "quote"
version = "0.6.13"
source = "registry+https://github.com/rust-lang/crates.io-index"
checksum = "6ce23b6b870e8f94f81fb0a363d65d86675884b34a09043c81e5562f11c1f8e1"
dependencies = [
 "proc-macro2 0.4.30",
]

[[package]]
name = "quote"
version = "1.0.33"
source = "registry+https://github.com/rust-lang/crates.io-index"
checksum = "5267fca4496028628a95160fc423a33e8b2e6af8a5302579e322e4b520293cae"
dependencies = [
 "proc-macro2 1.0.69",
]

[[package]]
name = "redox_syscall"
version = "0.2.16"
source = "registry+https://github.com/rust-lang/crates.io-index"
checksum = "fb5a58c1855b4b6819d59012155603f0b22ad30cad752600aadfcb695265519a"
dependencies = [
 "bitflags",
]

[[package]]
name = "rustc-demangle"
version = "0.1.23"
source = "registry+https://github.com/rust-lang/crates.io-index"
checksum = "d626bb9dae77e28219937af045c257c28bfd3f69333c512553507f5f9798cb76"

[[package]]
name = "rustc_version"
version = "0.2.3"
source = "registry+https://github.com/rust-lang/crates.io-index"
checksum = "138e3e0acb6c9fb258b19b67cb8abd63c00679d2851805ea151465464fe9030a"
dependencies = [
 "semver",
]

[[package]]
name = "scopeguard"
version = "1.2.0"
source = "registry+https://github.com/rust-lang/crates.io-index"
checksum = "94143f37725109f92c262ed2cf5e59bce7498c01bcc1502d7b9afe439a4e9f49"

[[package]]
name = "scroll"
version = "0.9.2"
source = "registry+https://github.com/rust-lang/crates.io-index"
checksum = "2f84d114ef17fd144153d608fba7c446b0145d038985e7a8cc5d08bb0ce20383"
dependencies = [
 "rustc_version",
]

[[package]]
name = "scroll_derive"
version = "0.9.5"
source = "registry+https://github.com/rust-lang/crates.io-index"
checksum = "8f1aa96c45e7f5a91cb7fabe7b279f02fea7126239fc40b732316e8b6a2d0fcb"
dependencies = [
 "proc-macro2 0.4.30",
 "quote 0.6.13",
 "syn 0.15.44",
]

[[package]]
name = "semver"
version = "0.9.0"
source = "registry+https://github.com/rust-lang/crates.io-index"
checksum = "1d7eb9ef2c18661902cc47e535f9bc51b78acd254da71d375c2f6720d9a40403"
dependencies = [
 "semver-parser",
]

[[package]]
name = "semver-parser"
version = "0.7.0"
source = "registry+https://github.com/rust-lang/crates.io-index"
checksum = "388a1df253eca08550bef6c72392cfe7c30914bf41df5269b68cbd6ff8f570a3"

[[package]]
name = "smallvec"
version = "1.11.2"
source = "registry+https://github.com/rust-lang/crates.io-index"
checksum = "4dccd0940a2dcdf68d092b8cbab7dc0ad8fa938bf95787e1b916b0e3d0e8e970"

[[package]]
name = "syn"
version = "0.15.44"
source = "registry+https://github.com/rust-lang/crates.io-index"
checksum = "9ca4b3b69a77cbe1ffc9e198781b7acb0c7365a883670e8f1c1bc66fba79a5c5"
dependencies = [
 "proc-macro2 0.4.30",
 "quote 0.6.13",
 "unicode-xid 0.1.0",
]

[[package]]
name = "syn"
version = "1.0.109"
source = "registry+https://github.com/rust-lang/crates.io-index"
checksum = "72b64191b275b66ffe2469e8af2c1cfe3bafa67b529ead792a6d0160888b4237"
dependencies = [
 "proc-macro2 1.0.69",
 "quote 1.0.33",
 "unicode-ident",
]

[[package]]
name = "syn"
version = "2.0.39"
source = "registry+https://github.com/rust-lang/crates.io-index"
checksum = "23e78b90f2fcf45d3e842032ce32e3f2d1545ba6636271dcbf24fa306d87be7a"
dependencies = [
 "proc-macro2 1.0.69",
 "quote 1.0.33",
 "unicode-ident",
]

[[package]]
name = "synstructure"
version = "0.12.6"
source = "registry+https://github.com/rust-lang/crates.io-index"
checksum = "f36bdaa60a83aca3921b5259d5400cbf5e90fc51931376a9bd4a0eb79aa7210f"
dependencies = [
 "proc-macro2 1.0.69",
 "quote 1.0.33",
 "syn 1.0.109",
 "unicode-xid 0.2.4",
]

[[package]]
name = "typed-arena"
version = "2.0.2"
source = "registry+https://github.com/rust-lang/crates.io-index"
checksum = "6af6ae20167a9ece4bcb41af5b80f8a1f1df981f6391189ce00fd257af04126a"

[[package]]
name = "unicode-ident"
version = "1.0.12"
source = "registry+https://github.com/rust-lang/crates.io-index"
checksum = "3354b9ac3fae1ff6755cb6db53683adb661634f67557942dea4facebec0fee4b"

[[package]]
name = "unicode-xid"
version = "0.1.0"
source = "registry+https://github.com/rust-lang/crates.io-index"
checksum = "fc72304796d0818e357ead4e000d19c9c174ab23dc11093ac919054d20a6a7fc"

[[package]]
name = "unicode-xid"
version = "0.2.4"
source = "registry+https://github.com/rust-lang/crates.io-index"
checksum = "f962df74c8c05a667b5ee8bcf162993134c104e96440b663c8daa176dc772d8c"

[[package]]
name = "uuid"
version = "0.8.2"
source = "registry+https://github.com/rust-lang/crates.io-index"
checksum = "bc5cf98d8186244414c848017f0e2676b3fcb46807f6668a97dfe67359a3c4b7"

[[package]]
name = "version_check"
version = "0.1.5"
source = "registry+https://github.com/rust-lang/crates.io-index"
checksum = "914b1a6776c4c929a602fafd8bc742e06365d4bcbe48c30f9cca5824f70dc9dd"

[[package]]
name = "version_check"
version = "0.9.4"
source = "registry+https://github.com/rust-lang/crates.io-index"
checksum = "49874b5167b65d7193b8aba1567f5c7d93d001cafc34600cee003eda787e483f"

[[package]]
name = "wasi"
version = "0.11.0+wasi-snapshot-preview1"
source = "registry+https://github.com/rust-lang/crates.io-index"
checksum = "9c8d87e72b64a3b4db28d11ce29237c246188f4f51057d65a7eab63b7987e423"

[[package]]
name = "winapi"
version = "0.3.9"
source = "registry+https://github.com/rust-lang/crates.io-index"
checksum = "5c839a674fcd7a98952e593242ea400abe93992746761e38641405d28b00f419"
dependencies = [
 "winapi-i686-pc-windows-gnu",
 "winapi-x86_64-pc-windows-gnu",
]

[[package]]
name = "winapi-i686-pc-windows-gnu"
version = "0.4.0"
source = "registry+https://github.com/rust-lang/crates.io-index"
checksum = "ac3b87c63620426dd9b991e5ce0329eff545bccbbb34f3be09ff6fb6ab51b7b6"

[[package]]
name = "winapi-x86_64-pc-windows-gnu"
version = "0.4.0"
source = "registry+https://github.com/rust-lang/crates.io-index"
checksum = "712e227841d057c1ee1cd2fb22fa7e5a5461ae8e48fa2ca79ec42cfc1931183f"
